
Microsoft Visual Studio Solution File, Format Version 12.00
# Visual Studio 2012
Project("{FAE04EC0-301F-11D3-BF4B-00C04F79EFBC}") = "reservieren", "reservieren\reservieren.csproj", "{63F3B66B-CD05-4205-9216-50FD0B678E40}"
EndProject
Project("{E53339B2-1760-4266-BCC7-CA923CBCF16C}") = "docker-compose", "docker-compose.dcproj", "{D77C468A-5397-4045-94AE-5696CEB7FA51}"
EndProject
Global
	GlobalSection(SolutionConfigurationPlatforms) = preSolution
		Debug|Any CPU = Debug|Any CPU
		Release|Any CPU = Release|Any CPU
	EndGlobalSection
	GlobalSection(ProjectConfigurationPlatforms) = postSolution
		{63F3B66B-CD05-4205-9216-50FD0B678E40}.Debug|Any CPU.ActiveCfg = Debug|Any CPU
		{63F3B66B-CD05-4205-9216-50FD0B678E40}.Debug|Any CPU.Build.0 = Debug|Any CPU
		{63F3B66B-CD05-4205-9216-50FD0B678E40}.Release|Any CPU.ActiveCfg = Release|Any CPU
		{63F3B66B-CD05-4205-9216-50FD0B678E40}.Release|Any CPU.Build.0 = Release|Any CPU
		{D77C468A-5397-4045-94AE-5696CEB7FA51}.Debug|Any CPU.ActiveCfg = Debug|Any CPU
		{D77C468A-5397-4045-94AE-5696CEB7FA51}.Debug|Any CPU.Build.0 = Debug|Any CPU
		{D77C468A-5397-4045-94AE-5696CEB7FA51}.Release|Any CPU.ActiveCfg = Release|Any CPU
		{D77C468A-5397-4045-94AE-5696CEB7FA51}.Release|Any CPU.Build.0 = Release|Any CPU
	EndGlobalSection
EndGlobal
